// !$*UTF8*$!
{
	archiveVersion = 1;
	classes = {
	};
	objectVersion = 56;
	objects = {

/* Begin PBXBuildFile section */
		7B16724E2A39CB5A00712EDE /* TopRatedFreelancerHeader.swift in Sources */ = {isa = PBXBuildFile; fileRef = 7B16724D2A39CB5A00712EDE /* TopRatedFreelancerHeader.swift */; };
		7B16725A2A39CB8400712EDE /* Outfit-Bold.ttf in Resources */ = {isa = PBXBuildFile; fileRef = 7B1672502A39CB8400712EDE /* Outfit-Bold.ttf */; };
		7B16725B2A39CB8400712EDE /* Outfit-Regular.ttf in Resources */ = {isa = PBXBuildFile; fileRef = 7B1672512A39CB8400712EDE /* Outfit-Regular.ttf */; };
		7B16725C2A39CB8400712EDE /* Outfit-Black.ttf in Resources */ = {isa = PBXBuildFile; fileRef = 7B1672522A39CB8400712EDE /* Outfit-Black.ttf */; };
		7B16725D2A39CB8400712EDE /* Outfit-Thin.ttf in Resources */ = {isa = PBXBuildFile; fileRef = 7B1672532A39CB8400712EDE /* Outfit-Thin.ttf */; };
		7B16725E2A39CB8400712EDE /* Outfit-SemiBold.ttf in Resources */ = {isa = PBXBuildFile; fileRef = 7B1672542A39CB8400712EDE /* Outfit-SemiBold.ttf */; };
		7B16725F2A39CB8400712EDE /* Outfit-ExtraLight.ttf in Resources */ = {isa = PBXBuildFile; fileRef = 7B1672552A39CB8400712EDE /* Outfit-ExtraLight.ttf */; };
		7B1672602A39CB8400712EDE /* Outfit-VariableFont_wght.ttf in Resources */ = {isa = PBXBuildFile; fileRef = 7B1672562A39CB8400712EDE /* Outfit-VariableFont_wght.ttf */; };
		7B1672612A39CB8400712EDE /* Outfit-ExtraBold.ttf in Resources */ = {isa = PBXBuildFile; fileRef = 7B1672572A39CB8400712EDE /* Outfit-ExtraBold.ttf */; };
		7B1672622A39CB8400712EDE /* Outfit-Medium.ttf in Resources */ = {isa = PBXBuildFile; fileRef = 7B1672582A39CB8400712EDE /* Outfit-Medium.ttf */; };
		7B1672632A39CB8400712EDE /* Outfit-Light.ttf in Resources */ = {isa = PBXBuildFile; fileRef = 7B1672592A39CB8400712EDE /* Outfit-Light.ttf */; };
		7B1672652A39D1D700712EDE /* Model.swift in Sources */ = {isa = PBXBuildFile; fileRef = 7B1672642A39D1D700712EDE /* Model.swift */; };
		7B16726C2A3B04F500712EDE /* Kingfisher in Frameworks */ = {isa = PBXBuildFile; productRef = 7B16726B2A3B04F500712EDE /* Kingfisher */; };
		7B3274462A306CF3006145DF /* BestPackagesCell.swift in Sources */ = {isa = PBXBuildFile; fileRef = 7B3274452A306CF3006145DF /* BestPackagesCell.swift */; };
		7B8417CF2A31E8220078B34A /* MarketPlaceHeader.swift in Sources */ = {isa = PBXBuildFile; fileRef = 7B8417CE2A31E8220078B34A /* MarketPlaceHeader.swift */; };
		7B8417D12A31E8890078B34A /* BestPackagesHeader.swift in Sources */ = {isa = PBXBuildFile; fileRef = 7B8417D02A31E8890078B34A /* BestPackagesHeader.swift */; };
		7B8417D32A31EA110078B34A /* HomePageHeaderView.swift in Sources */ = {isa = PBXBuildFile; fileRef = 7B8417D22A31EA110078B34A /* HomePageHeaderView.swift */; };
		7B9810FA2A24BB490082CD3B /* AppDelegate.swift in Sources */ = {isa = PBXBuildFile; fileRef = 7B9810F92A24BB490082CD3B /* AppDelegate.swift */; };
		7B9810FE2A24BB490082CD3B /* ViewController.swift in Sources */ = {isa = PBXBuildFile; fileRef = 7B9810FD2A24BB490082CD3B /* ViewController.swift */; };
		7B9811032A24BB4A0082CD3B /* Assets.xcassets in Resources */ = {isa = PBXBuildFile; fileRef = 7B9811022A24BB4A0082CD3B /* Assets.xcassets */; };
		7B98110E2A2738810082CD3B /* Extensions.swift in Sources */ = {isa = PBXBuildFile; fileRef = 7B98110D2A2738810082CD3B /* Extensions.swift */; };
		7B9811102A275FCE0082CD3B /* TopRatedFreelancerCell.swift in Sources */ = {isa = PBXBuildFile; fileRef = 7B98110F2A275FCE0082CD3B /* TopRatedFreelancerCell.swift */; };
		7B9811122A2760780082CD3B /* MarketPlaceCell.swift in Sources */ = {isa = PBXBuildFile; fileRef = 7B9811112A2760780082CD3B /* MarketPlaceCell.swift */; };
/* End PBXBuildFile section */

/* Begin PBXFileReference section */
		7B16724D2A39CB5A00712EDE /* TopRatedFreelancerHeader.swift */ = {isa = PBXFileReference; fileEncoding = 4; lastKnownFileType = sourcecode.swift; name = TopRatedFreelancerHeader.swift; path = HomePageCompositionalLayout/TopRatedFreelancerHeader.swift; sourceTree = SOURCE_ROOT; };
		7B1672502A39CB8400712EDE /* Outfit-Bold.ttf */ = {isa = PBXFileReference; lastKnownFileType = file; path = "Outfit-Bold.ttf"; sourceTree = "<group>"; };
		7B1672512A39CB8400712EDE /* Outfit-Regular.ttf */ = {isa = PBXFileReference; lastKnownFileType = file; path = "Outfit-Regular.ttf"; sourceTree = "<group>"; };
		7B1672522A39CB8400712EDE /* Outfit-Black.ttf */ = {isa = PBXFileReference; lastKnownFileType = file; path = "Outfit-Black.ttf"; sourceTree = "<group>"; };
		7B1672532A39CB8400712EDE /* Outfit-Thin.ttf */ = {isa = PBXFileReference; lastKnownFileType = file; path = "Outfit-Thin.ttf"; sourceTree = "<group>"; };
		7B1672542A39CB8400712EDE /* Outfit-SemiBold.ttf */ = {isa = PBXFileReference; lastKnownFileType = file; path = "Outfit-SemiBold.ttf"; sourceTree = "<group>"; };
		7B1672552A39CB8400712EDE /* Outfit-ExtraLight.ttf */ = {isa = PBXFileReference; lastKnownFileType = file; path = "Outfit-ExtraLight.ttf"; sourceTree = "<group>"; };
		7B1672562A39CB8400712EDE /* Outfit-VariableFont_wght.ttf */ = {isa = PBXFileReference; lastKnownFileType = file; path = "Outfit-VariableFont_wght.ttf"; sourceTree = "<group>"; };
		7B1672572A39CB8400712EDE /* Outfit-ExtraBold.ttf */ = {isa = PBXFileReference; lastKnownFileType = file; path = "Outfit-ExtraBold.ttf"; sourceTree = "<group>"; };
		7B1672582A39CB8400712EDE /* Outfit-Medium.ttf */ = {isa = PBXFileReference; lastKnownFileType = file; path = "Outfit-Medium.ttf"; sourceTree = "<group>"; };
		7B1672592A39CB8400712EDE /* Outfit-Light.ttf */ = {isa = PBXFileReference; lastKnownFileType = file; path = "Outfit-Light.ttf"; sourceTree = "<group>"; };
		7B1672642A39D1D700712EDE /* Model.swift */ = {isa = PBXFileReference; lastKnownFileType = sourcecode.swift; path = Model.swift; sourceTree = "<group>"; };
		7B3274452A306CF3006145DF /* BestPackagesCell.swift */ = {isa = PBXFileReference; lastKnownFileType = sourcecode.swift; path = BestPackagesCell.swift; sourceTree = "<group>"; };
		7B8417CE2A31E8220078B34A /* MarketPlaceHeader.swift */ = {isa = PBXFileReference; lastKnownFileType = sourcecode.swift; path = MarketPlaceHeader.swift; sourceTree = "<group>"; };
		7B8417D02A31E8890078B34A /* BestPackagesHeader.swift */ = {isa = PBXFileReference; lastKnownFileType = sourcecode.swift; path = BestPackagesHeader.swift; sourceTree = "<group>"; };
		7B8417D22A31EA110078B34A /* HomePageHeaderView.swift */ = {isa = PBXFileReference; lastKnownFileType = sourcecode.swift; path = HomePageHeaderView.swift; sourceTree = "<group>"; };
		7B9810F62A24BB490082CD3B /* HomePageCompositionalLayout.app */ = {isa = PBXFileReference; explicitFileType = wrapper.application; includeInIndex = 0; path = HomePageCompositionalLayout.app; sourceTree = BUILT_PRODUCTS_DIR; };
		7B9810F92A24BB490082CD3B /* AppDelegate.swift */ = {isa = PBXFileReference; lastKnownFileType = sourcecode.swift; path = AppDelegate.swift; sourceTree = "<group>"; };
		7B9810FD2A24BB490082CD3B /* ViewController.swift */ = {isa = PBXFileReference; lastKnownFileType = sourcecode.swift; path = ViewController.swift; sourceTree = "<group>"; };
		7B9811022A24BB4A0082CD3B /* Assets.xcassets */ = {isa = PBXFileReference; lastKnownFileType = folder.assetcatalog; path = Assets.xcassets; sourceTree = "<group>"; };
		7B9811072A24BB4A0082CD3B /* Info.plist */ = {isa = PBXFileReference; lastKnownFileType = text.plist.xml; path = Info.plist; sourceTree = "<group>"; };
		7B98110D2A2738810082CD3B /* Extensions.swift */ = {isa = PBXFileReference; lastKnownFileType = sourcecode.swift; path = Extensions.swift; sourceTree = "<group>"; };
		7B98110F2A275FCE0082CD3B /* TopRatedFreelancerCell.swift */ = {isa = PBXFileReference; lastKnownFileType = sourcecode.swift; path = TopRatedFreelancerCell.swift; sourceTree = "<group>"; };
		7B9811112A2760780082CD3B /* MarketPlaceCell.swift */ = {isa = PBXFileReference; lastKnownFileType = sourcecode.swift; path = MarketPlaceCell.swift; sourceTree = "<group>"; };
/* End PBXFileReference section */

/* Begin PBXFrameworksBuildPhase section */
		7B9810F32A24BB490082CD3B /* Frameworks */ = {
			isa = PBXFrameworksBuildPhase;
			buildActionMask = 2147483647;
			files = (
				7B16726C2A3B04F500712EDE /* Kingfisher in Frameworks */,
			);
			runOnlyForDeploymentPostprocessing = 0;
		};
/* End PBXFrameworksBuildPhase section */

/* Begin PBXGroup section */
		7B16724F2A39CB8400712EDE /* Fonts */ = {
			isa = PBXGroup;
			children = (
				7B1672502A39CB8400712EDE /* Outfit-Bold.ttf */,
				7B1672512A39CB8400712EDE /* Outfit-Regular.ttf */,
				7B1672522A39CB8400712EDE /* Outfit-Black.ttf */,
				7B1672532A39CB8400712EDE /* Outfit-Thin.ttf */,
				7B1672542A39CB8400712EDE /* Outfit-SemiBold.ttf */,
				7B1672552A39CB8400712EDE /* Outfit-ExtraLight.ttf */,
				7B1672562A39CB8400712EDE /* Outfit-VariableFont_wght.ttf */,
				7B1672572A39CB8400712EDE /* Outfit-ExtraBold.ttf */,
				7B1672582A39CB8400712EDE /* Outfit-Medium.ttf */,
				7B1672592A39CB8400712EDE /* Outfit-Light.ttf */,
			);
			path = Fonts;
			sourceTree = "<group>";
		};
		7B9810ED2A24BB490082CD3B = {
			isa = PBXGroup;
			children = (
				7B9810F82A24BB490082CD3B /* HomePageCompositionalLayout */,
				7B9810F72A24BB490082CD3B /* Products */,
			);
			sourceTree = "<group>";
		};
		7B9810F72A24BB490082CD3B /* Products */ = {
			isa = PBXGroup;
			children = (
				7B9810F62A24BB490082CD3B /* HomePageCompositionalLayout.app */,
			);
			name = Products;
			sourceTree = "<group>";
		};
		7B9810F82A24BB490082CD3B /* HomePageCompositionalLayout */ = {
			isa = PBXGroup;
			children = (
				7B8417D22A31EA110078B34A /* HomePageHeaderView.swift */,
				7B1672642A39D1D700712EDE /* Model.swift */,
				7B8417CE2A31E8220078B34A /* MarketPlaceHeader.swift */,
				7B8417D02A31E8890078B34A /* BestPackagesHeader.swift */,
				7B9810F92A24BB490082CD3B /* AppDelegate.swift */,
				7B9810FD2A24BB490082CD3B /* ViewController.swift */,
				7B98110F2A275FCE0082CD3B /* TopRatedFreelancerCell.swift */,
				7B3274452A306CF3006145DF /* BestPackagesCell.swift */,
				7B16724D2A39CB5A00712EDE /* TopRatedFreelancerHeader.swift */,
				7B9811112A2760780082CD3B /* MarketPlaceCell.swift */,
				7B98110D2A2738810082CD3B /* Extensions.swift */,
				7B9811022A24BB4A0082CD3B /* Assets.xcassets */,
				7B9811072A24BB4A0082CD3B /* Info.plist */,
				7B98111D2A2763040082CD3B /* Resources */,
			);
			path = HomePageCompositionalLayout;
			sourceTree = "<group>";
		};
		7B98111D2A2763040082CD3B /* Resources */ = {
			isa = PBXGroup;
			children = (
				7B16724F2A39CB8400712EDE /* Fonts */,
			);
			path = Resources;
			sourceTree = "<group>";
		};
/* End PBXGroup section */

/* Begin PBXNativeTarget section */
		7B9810F52A24BB490082CD3B /* HomePageCompositionalLayout */ = {
			isa = PBXNativeTarget;
			buildConfigurationList = 7B98110A2A24BB4A0082CD3B /* Build configuration list for PBXNativeTarget "HomePageCompositionalLayout" */;
			buildPhases = (
				7B9810F22A24BB490082CD3B /* Sources */,
				7B9810F32A24BB490082CD3B /* Frameworks */,
				7B9810F42A24BB490082CD3B /* Resources */,
			);
			buildRules = (
			);
			dependencies = (
			);
			name = HomePageCompositionalLayout;
			packageProductDependencies = (
				7B16726B2A3B04F500712EDE /* Kingfisher */,
			);
			productName = HomePageCompositionalLayout;
			productReference = 7B9810F62A24BB490082CD3B /* HomePageCompositionalLayout.app */;
			productType = "com.apple.product-type.application";
		};
/* End PBXNativeTarget section */

/* Begin PBXProject section */
		7B9810EE2A24BB490082CD3B /* Project object */ = {
			isa = PBXProject;
			attributes = {
				BuildIndependentTargetsInParallel = 1;
				LastSwiftUpdateCheck = 1430;
				LastUpgradeCheck = 1430;
				TargetAttributes = {
					7B9810F52A24BB490082CD3B = {
						CreatedOnToolsVersion = 14.3;
					};
				};
			};
			buildConfigurationList = 7B9810F12A24BB490082CD3B /* Build configuration list for PBXProject "HomePageCompositionalLayout" */;
			compatibilityVersion = "Xcode 14.0";
			developmentRegion = en;
			hasScannedForEncodings = 0;
			knownRegions = (
				en,
				Base,
			);
			mainGroup = 7B9810ED2A24BB490082CD3B;
			packageReferences = (
				7B16726A2A3B04F500712EDE /* XCRemoteSwiftPackageReference "Kingfisher" */,
			);
			productRefGroup = 7B9810F72A24BB490082CD3B /* Products */;
			projectDirPath = "";
			projectRoot = "";
			targets = (
				7B9810F52A24BB490082CD3B /* HomePageCompositionalLayout */,
			);
		};
/* End PBXProject section */

/* Begin PBXResourcesBuildPhase section */
		7B9810F42A24BB490082CD3B /* Resources */ = {
			isa = PBXResourcesBuildPhase;
			buildActionMask = 2147483647;
			files = (
				7B16725A2A39CB8400712EDE /* Outfit-Bold.ttf in Resources */,
				7B16725C2A39CB8400712EDE /* Outfit-Black.ttf in Resources */,
				7B16725E2A39CB8400712EDE /* Outfit-SemiBold.ttf in Resources */,
				7B9811032A24BB4A0082CD3B /* Assets.xcassets in Resources */,
				7B16725F2A39CB8400712EDE /* Outfit-ExtraLight.ttf in Resources */,
				7B1672632A39CB8400712EDE /* Outfit-Light.ttf in Resources */,
				7B16725D2A39CB8400712EDE /* Outfit-Thin.ttf in Resources */,
				7B1672612A39CB8400712EDE /* Outfit-ExtraBold.ttf in Resources */,
				7B1672602A39CB8400712EDE /* Outfit-VariableFont_wght.ttf in Resources */,
				7B1672622A39CB8400712EDE /* Outfit-Medium.ttf in Resources */,
				7B16725B2A39CB8400712EDE /* Outfit-Regular.ttf in Resources */,
			);
			runOnlyForDeploymentPostprocessing = 0;
		};
/* End PBXResourcesBuildPhase section */

/* Begin PBXSourcesBuildPhase section */
		7B9810F22A24BB490082CD3B /* Sources */ = {
			isa = PBXSourcesBuildPhase;
			buildActionMask = 2147483647;
			files = (
				7B8417D12A31E8890078B34A /* BestPackagesHeader.swift in Sources */,
				7B9810FE2A24BB490082CD3B /* ViewController.swift in Sources */,
				7B9811102A275FCE0082CD3B /* TopRatedFreelancerCell.swift in Sources */,
				7B9811122A2760780082CD3B /* MarketPlaceCell.swift in Sources */,
				7B98110E2A2738810082CD3B /* Extensions.swift in Sources */,
				7B8417CF2A31E8220078B34A /* MarketPlaceHeader.swift in Sources */,
				7B8417D32A31EA110078B34A /* HomePageHeaderView.swift in Sources */,
				7B16724E2A39CB5A00712EDE /* TopRatedFreelancerHeader.swift in Sources */,
				7B1672652A39D1D700712EDE /* Model.swift in Sources */,
				7B3274462A306CF3006145DF /* BestPackagesCell.swift in Sources */,
				7B9810FA2A24BB490082CD3B /* AppDelegate.swift in Sources */,
			);
			runOnlyForDeploymentPostprocessing = 0;
		};
/* End PBXSourcesBuildPhase section */

/* Begin XCBuildConfiguration section */
		7B9811082A24BB4A0082CD3B /* Debug */ = {
			isa = XCBuildConfiguration;
			buildSettings = {
				ALWAYS_SEARCH_USER_PATHS = NO;
				CLANG_ANALYZER_NONNULL = YES;
				CLANG_ANALYZER_NUMBER_OBJECT_CONVERSION = YES_AGGRESSIVE;
				CLANG_CXX_LANGUAGE_STANDARD = "gnu++20";
				CLANG_ENABLE_MODULES = YES;
				CLANG_ENABLE_OBJC_ARC = YES;
				CLANG_ENABLE_OBJC_WEAK = YES;
				CLANG_WARN_BLOCK_CAPTURE_AUTORELEASING = YES;
				CLANG_WARN_BOOL_CONVERSION = YES;
				CLANG_WARN_COMMA = YES;
				CLANG_WARN_CONSTANT_CONVERSION = YES;
				CLANG_WARN_DEPRECATED_OBJC_IMPLEMENTATIONS = YES;
				CLANG_WARN_DIRECT_OBJC_ISA_USAGE = YES_ERROR;
				CLANG_WARN_DOCUMENTATION_COMMENTS = YES;
				CLANG_WARN_EMPTY_BODY = YES;
				CLANG_WARN_ENUM_CONVERSION = YES;
				CLANG_WARN_INFINITE_RECURSION = YES;
				CLANG_WARN_INT_CONVERSION = YES;
				CLANG_WARN_NON_LITERAL_NULL_CONVERSION = YES;
				CLANG_WARN_OBJC_IMPLICIT_RETAIN_SELF = YES;
				CLANG_WARN_OBJC_LITERAL_CONVERSION = YES;
				CLANG_WARN_OBJC_ROOT_CLASS = YES_ERROR;
				CLANG_WARN_QUOTED_INCLUDE_IN_FRAMEWORK_HEADER = YES;
				CLANG_WARN_RANGE_LOOP_ANALYSIS = YES;
				CLANG_WARN_STRICT_PROTOTYPES = YES;
				CLANG_WARN_SUSPICIOUS_MOVE = YES;
				CLANG_WARN_UNGUARDED_AVAILABILITY = YES_AGGRESSIVE;
				CLANG_WARN_UNREACHABLE_CODE = YES;
				CLANG_WARN__DUPLICATE_METHOD_MATCH = YES;
				COPY_PHASE_STRIP = NO;
				DEBUG_INFORMATION_FORMAT = dwarf;
				ENABLE_STRICT_OBJC_MSGSEND = YES;
				ENABLE_TESTABILITY = YES;
				GCC_C_LANGUAGE_STANDARD = gnu11;
				GCC_DYNAMIC_NO_PIC = NO;
				GCC_NO_COMMON_BLOCKS = YES;
				GCC_OPTIMIZATION_LEVEL = 0;
				GCC_PREPROCESSOR_DEFINITIONS = (
					"DEBUG=1",
					"$(inherited)",
				);
				GCC_WARN_64_TO_32_BIT_CONVERSION = YES;
				GCC_WARN_ABOUT_RETURN_TYPE = YES_ERROR;
				GCC_WARN_UNDECLARED_SELECTOR = YES;
				GCC_WARN_UNINITIALIZED_AUTOS = YES_AGGRESSIVE;
				GCC_WARN_UNUSED_FUNCTION = YES;
				GCC_WARN_UNUSED_VARIABLE = YES;
				IPHONEOS_DEPLOYMENT_TARGET = 16.4;
				MTL_ENABLE_DEBUG_INFO = INCLUDE_SOURCE;
				MTL_FAST_MATH = YES;
				ONLY_ACTIVE_ARCH = YES;
				SDKROOT = iphoneos;
				SWIFT_ACTIVE_COMPILATION_CONDITIONS = DEBUG;
				SWIFT_OPTIMIZATION_LEVEL = "-Onone";
			};
			name = Debug;
		};
		7B9811092A24BB4A0082CD3B /* Release */ = {
			isa = XCBuildConfiguration;
			buildSettings = {
				ALWAYS_SEARCH_USER_PATHS = NO;
				CLANG_ANALYZER_NONNULL = YES;
				CLANG_ANALYZER_NUMBER_OBJECT_CONVERSION = YES_AGGRESSIVE;
				CLANG_CXX_LANGUAGE_STANDARD = "gnu++20";
				CLANG_ENABLE_MODULES = YES;
				CLANG_ENABLE_OBJC_ARC = YES;
				CLANG_ENABLE_OBJC_WEAK = YES;
				CLANG_WARN_BLOCK_CAPTURE_AUTORELEASING = YES;
				CLANG_WARN_BOOL_CONVERSION = YES;
				CLANG_WARN_COMMA = YES;
				CLANG_WARN_CONSTANT_CONVERSION = YES;
				CLANG_WARN_DEPRECATED_OBJC_IMPLEMENTATIONS = YES;
				CLANG_WARN_DIRECT_OBJC_ISA_USAGE = YES_ERROR;
				CLANG_WARN_DOCUMENTATION_COMMENTS = YES;
				CLANG_WARN_EMPTY_BODY = YES;
				CLANG_WARN_ENUM_CONVERSION = YES;
				CLANG_WARN_INFINITE_RECURSION = YES;
				CLANG_WARN_INT_CONVERSION = YES;
				CLANG_WARN_NON_LITERAL_NULL_CONVERSION = YES;
				CLANG_WARN_OBJC_IMPLICIT_RETAIN_SELF = YES;
				CLANG_WARN_OBJC_LITERAL_CONVERSION = YES;
				CLANG_WARN_OBJC_ROOT_CLASS = YES_ERROR;
				CLANG_WARN_QUOTED_INCLUDE_IN_FRAMEWORK_HEADER = YES;
				CLANG_WARN_RANGE_LOOP_ANALYSIS = YES;
				CLANG_WARN_STRICT_PROTOTYPES = YES;
				CLANG_WARN_SUSPICIOUS_MOVE = YES;
				CLANG_WARN_UNGUARDED_AVAILABILITY = YES_AGGRESSIVE;
				CLANG_WARN_UNREACHABLE_CODE = YES;
				CLANG_WARN__DUPLICATE_METHOD_MATCH = YES;
				COPY_PHASE_STRIP = NO;
				DEBUG_INFORMATION_FORMAT = "dwarf-with-dsym";
				ENABLE_NS_ASSERTIONS = NO;
				ENABLE_STRICT_OBJC_MSGSEND = YES;
				GCC_C_LANGUAGE_STANDARD = gnu11;
				GCC_NO_COMMON_BLOCKS = YES;
				GCC_WARN_64_TO_32_BIT_CONVERSION = YES;
				GCC_WARN_ABOUT_RETURN_TYPE = YES_ERROR;
				GCC_WARN_UNDECLARED_SELECTOR = YES;
				GCC_WARN_UNINITIALIZED_AUTOS = YES_AGGRESSIVE;
				GCC_WARN_UNUSED_FUNCTION = YES;
				GCC_WARN_UNUSED_VARIABLE = YES;
				IPHONEOS_DEPLOYMENT_TARGET = 16.4;
				MTL_ENABLE_DEBUG_INFO = NO;
				MTL_FAST_MATH = YES;
				SDKROOT = iphoneos;
				SWIFT_COMPILATION_MODE = wholemodule;
				SWIFT_OPTIMIZATION_LEVEL = "-O";
				VALIDATE_PRODUCT = YES;
			};
			name = Release;
		};
		7B98110B2A24BB4A0082CD3B /* Debug */ = {
			isa = XCBuildConfiguration;
			buildSettings = {
				ASSETCATALOG_COMPILER_APPICON_NAME = AppIcon;
				ASSETCATALOG_COMPILER_GLOBAL_ACCENT_COLOR_NAME = AccentColor;
				CODE_SIGN_STYLE = Automatic;
				CURRENT_PROJECT_VERSION = 1;
				GENERATE_INFOPLIST_FILE = YES;
				INFOPLIST_FILE = HomePageCompositionalLayout/Info.plist;
				INFOPLIST_KEY_UIApplicationSupportsIndirectInputEvents = YES;
				INFOPLIST_KEY_UILaunchStoryboardName = LaunchScreen;
				INFOPLIST_KEY_UISupportedInterfaceOrientations_iPad = "UIInterfaceOrientationPortrait UIInterfaceOrientationPortraitUpsideDown UIInterfaceOrientationLandscapeLeft UIInterfaceOrientationLandscapeRight";
				INFOPLIST_KEY_UISupportedInterfaceOrientations_iPhone = "UIInterfaceOrientationPortrait UIInterfaceOrientationLandscapeLeft UIInterfaceOrientationLandscapeRight";
				LD_RUNPATH_SEARCH_PATHS = (
					"$(inherited)",
					"@executable_path/Frameworks",
				);
				MARKETING_VERSION = 1.0;
				PRODUCT_BUNDLE_IDENTIFIER = com.muhamad.HomePageCompositionalLayout;
				PRODUCT_NAME = "$(TARGET_NAME)";
				SWIFT_EMIT_LOC_STRINGS = YES;
				SWIFT_VERSION = 5.0;
				TARGETED_DEVICE_FAMILY = "1,2";
			};
			name = Debug;
		};
		7B98110C2A24BB4A0082CD3B /* Release */ = {
			isa = XCBuildConfiguration;
			buildSettings = {
				ASSETCATALOG_COMPILER_APPICON_NAME = AppIcon;
				ASSETCATALOG_COMPILER_GLOBAL_ACCENT_COLOR_NAME = AccentColor;
				CODE_SIGN_STYLE = Automatic;
				CURRENT_PROJECT_VERSION = 1;
				GENERATE_INFOPLIST_FILE = YES;
				INFOPLIST_FILE = HomePageCompositionalLayout/Info.plist;
				INFOPLIST_KEY_UIApplicationSupportsIndirectInputEvents = YES;
				INFOPLIST_KEY_UILaunchStoryboardName = LaunchScreen;
				INFOPLIST_KEY_UISupportedInterfaceOrientations_iPad = "UIInterfaceOrientationPortrait UIInterfaceOrientationPortraitUpsideDown UIInterfaceOrientationLandscapeLeft UIInterfaceOrientationLandscapeRight";
				INFOPLIST_KEY_UISupportedInterfaceOrientations_iPhone = "UIInterfaceOrientationPortrait UIInterfaceOrientationLandscapeLeft UIInterfaceOrientationLandscapeRight";
				LD_RUNPATH_SEARCH_PATHS = (
					"$(inherited)",
					"@executable_path/Frameworks",
				);
				MARKETING_VERSION = 1.0;
				PRODUCT_BUNDLE_IDENTIFIER = com.muhamad.HomePageCompositionalLayout;
				PRODUCT_NAME = "$(TARGET_NAME)";
				SWIFT_EMIT_LOC_STRINGS = YES;
				SWIFT_VERSION = 5.0;
				TARGETED_DEVICE_FAMILY = "1,2";
			};
			name = Release;
		};
/* End XCBuildConfiguration section */

/* Begin XCConfigurationList section */
		7B9810F12A24BB490082CD3B /* Build configuration list for PBXProject "HomePageCompositionalLayout" */ = {
			isa = XCConfigurationList;
			buildConfigurations = (
				7B9811082A24BB4A0082CD3B /* Debug */,
				7B9811092A24BB4A0082CD3B /* Release */,
			);
			defaultConfigurationIsVisible = 0;
			defaultConfigurationName = Release;
		};
		7B98110A2A24BB4A0082CD3B /* Build configuration list for PBXNativeTarget "HomePageCompositionalLayout" */ = {
			isa = XCConfigurationList;
			buildConfigurations = (
				7B98110B2A24BB4A0082CD3B /* Debug */,
				7B98110C2A24BB4A0082CD3B /* Release */,
			);
			defaultConfigurationIsVisible = 0;
			defaultConfigurationName = Release;
		};
/* End XCConfigurationList section */

/* Begin XCRemoteSwiftPackageReference section */
		7B16726A2A3B04F500712EDE /* XCRemoteSwiftPackageReference "Kingfisher" */ = {
			isa = XCRemoteSwiftPackageReference;
			repositoryURL = "https://github.com/onevcat/Kingfisher.git";
			requirement = {
				kind = upToNextMajorVersion;
				minimumVersion = 7.0.0;
			};
		};
/* End XCRemoteSwiftPackageReference section */

/* Begin XCSwiftPackageProductDependency section */
		7B16726B2A3B04F500712EDE /* Kingfisher */ = {
			isa = XCSwiftPackageProductDependency;
			package = 7B16726A2A3B04F500712EDE /* XCRemoteSwiftPackageReference "Kingfisher" */;
			productName = Kingfisher;
		};
/* End XCSwiftPackageProductDependency section */
	};
	rootObject = 7B9810EE2A24BB490082CD3B /* Project object */;
}
